
Microsoft Visual Studio Solution File, Format Version 12.00
# Visual Studio Version 16
VisualStudioVersion = 16.0.30523.141
MinimumVisualStudioVersion = 10.0.40219.1
Project("{888888A0-9F3D-457C-B088-3A5042F75D52}") = "DataBaseGenerator", "DataBaseGenerator\DataBaseGenerator.pyproj", "{841EEAD6-FE26-488B-98C6-E540EBD194E7}"
EndProject
Global
	GlobalSection(SolutionConfigurationPlatforms) = preSolution
		Debug|Any CPU = Debug|Any CPU
		Release|Any CPU = Release|Any CPU
	EndGlobalSection
	GlobalSection(ProjectConfigurationPlatforms) = postSolution
		{841EEAD6-FE26-488B-98C6-E540EBD194E7}.Debug|Any CPU.ActiveCfg = Debug|Any CPU
		{841EEAD6-FE26-488B-98C6-E540EBD194E7}.Release|Any CPU.ActiveCfg = Release|Any CPU
	EndGlobalSection
	GlobalSection(SolutionProperties) = preSolution
		HideSolutionNode = FALSE
	EndGlobalSection
	GlobalSection(ExtensibilityGlobals) = postSolution
		SolutionGuid = {D2B3AD63-8525-4FE5-96CC-EF4272B206DC}
	EndGlobalSection
EndGlobal
